
Microsoft Visual Studio Solution File, Format Version 12.00
# Visual Studio Version 16
VisualStudioVersion = 16.0.28803.352
MinimumVisualStudioVersion = 10.0.40219.1
Project("{9A19103F-16F7-4668-BE54-9A1E7A4F7556}") = "tokenizr.net.generator", "tokenizr.net.generator\tokenizr.net.generator.csproj", "{C7DBC139-A1DB-401E-889C-1AD49132745B}"
EndProject
Project("{9A19103F-16F7-4668-BE54-9A1E7A4F7556}") = "tokenizr.net.generator.unittests", "tokenizr.net.generator.unittests\tokenizr.net.generator.unittests.csproj", "{5481FC6C-AD6E-47C1-8A0C-9469B261F600}"
EndProject
Project("{9A19103F-16F7-4668-BE54-9A1E7A4F7556}") = "tokenizr.net.structures", "tokenizr.net.structures\tokenizr.net.structures.csproj", "{A3550CC6-140D-4E69-A561-7640A8647072}"
EndProject
Project("{9A19103F-16F7-4668-BE54-9A1E7A4F7556}") = "tokenizr.net.service", "tokenizr.net.service\tokenizr.net.service.csproj", "{261A3A94-3D46-4364-B9D7-E4FD1E03E619}"
EndProject
Project("{9A19103F-16F7-4668-BE54-9A1E7A4F7556}") = "tokenizr.net.service.unittests", "tokenizr.net.service.unittests\tokenizr.net.service.unittests.csproj", "{31065558-3DB2-441E-B0AE-93FA350BB1A2}"
EndProject
Project("{9A19103F-16F7-4668-BE54-9A1E7A4F7556}") = "tokenizr.net", "tokenizr.net\tokenizr.net.csproj", "{C14467F5-5FE7-426E-BD90-789B9226EFA9}"
EndProject
Project("{9A19103F-16F7-4668-BE54-9A1E7A4F7556}") = "tokenizr.net.constants", "tokenizr.net.constants\tokenizr.net.constants.csproj", "{BEC8B277-515C-489A-90E7-ADA7947CE144}"
EndProject
Project("{9A19103F-16F7-4668-BE54-9A1E7A4F7556}") = "tokenizr.net.serialisation", "tokenizr.net.serialisation\tokenizr.net.serialisation.csproj", "{4DB7D234-88A7-4212-B3A9-EC1E74703F29}"
EndProject
Project("{9A19103F-16F7-4668-BE54-9A1E7A4F7556}") = "tokenizr.net.serialisation.unittests", "tokenizr.net.serialisation.unittests\tokenizr.net.serialisation.unittests.csproj", "{FF341BA7-6EE3-43C9-8DF8-82CE23A93F0E}"
EndProject
Project("{9A19103F-16F7-4668-BE54-9A1E7A4F7556}") = "tokenizr.net.compression.unittests", "tokenizr.net.compression.unittests\tokenizr.net.compression.unittests.csproj", "{27E2EE7C-4B17-4883-954C-876BD3A5CD34}"
EndProject
Project("{9A19103F-16F7-4668-BE54-9A1E7A4F7556}") = "tokenizr.net.compression", "tokenizr.net.compression\tokenizr.net.compression.csproj", "{6DF308D6-067F-470B-A0F4-4BCE30C56427}"
EndProject
Project("{9A19103F-16F7-4668-BE54-9A1E7A4F7556}") = "tokenizr.net.unittests", "tokenizr.net.unittests\tokenizr.net.unittests.csproj", "{6E26A5EC-B698-4F60-9AF6-5113C8ACA97C}"
EndProject
Project("{9A19103F-16F7-4668-BE54-9A1E7A4F7556}") = "tokenizr.net.unicode", "tokenizr.net.unicode\tokenizr.net.unicode.csproj", "{081FA1DD-CEC7-4D76-8E10-E2438AE644D4}"
EndProject
Project("{9A19103F-16F7-4668-BE54-9A1E7A4F7556}") = "tokenizr.net.unicode.unittests", "tokenizr.net.unicode.unittests\tokenizr.net.unicode.unittests.csproj", "{E8E9E555-C336-45BF-851F-82E9E602BB5B}"
EndProject
Project("{9A19103F-16F7-4668-BE54-9A1E7A4F7556}") = "tokenizr.net.random", "tokenizr.net.random\tokenizr.net.random.csproj", "{6CE7E20E-C4C2-4191-8D83-B2EA0EF2869C}"
EndProject
Project("{9A19103F-16F7-4668-BE54-9A1E7A4F7556}") = "tokenizr.net.encryption", "tokenizr.net.encryption\tokenizr.net.encryption.csproj", "{F011A687-325D-47CA-B0B9-3C10A7E684B2}"
EndProject
Project("{9A19103F-16F7-4668-BE54-9A1E7A4F7556}") = "tokenizr.net.encryption.unittests", "tokenizr.net.encryption.unittests\tokenizr.net.encryption.unittests.csproj", "{7D31FFE7-C015-4532-AE6C-7646B6C5A0E7}"
EndProject
Global
	GlobalSection(SolutionConfigurationPlatforms) = preSolution
		Debug|Any CPU = Debug|Any CPU
		Release|Any CPU = Release|Any CPU
	EndGlobalSection
	GlobalSection(ProjectConfigurationPlatforms) = postSolution
		{C7DBC139-A1DB-401E-889C-1AD49132745B}.Debug|Any CPU.ActiveCfg = Debug|Any CPU
		{C7DBC139-A1DB-401E-889C-1AD49132745B}.Debug|Any CPU.Build.0 = Debug|Any CPU
		{C7DBC139-A1DB-401E-889C-1AD49132745B}.Release|Any CPU.ActiveCfg = Release|Any CPU
		{C7DBC139-A1DB-401E-889C-1AD49132745B}.Release|Any CPU.Build.0 = Release|Any CPU
		{5481FC6C-AD6E-47C1-8A0C-9469B261F600}.Debug|Any CPU.ActiveCfg = Debug|Any CPU
		{5481FC6C-AD6E-47C1-8A0C-9469B261F600}.Debug|Any CPU.Build.0 = Debug|Any CPU
		{5481FC6C-AD6E-47C1-8A0C-9469B261F600}.Release|Any CPU.ActiveCfg = Release|Any CPU
		{5481FC6C-AD6E-47C1-8A0C-9469B261F600}.Release|Any CPU.Build.0 = Release|Any CPU
		{A3550CC6-140D-4E69-A561-7640A8647072}.Debug|Any CPU.ActiveCfg = Debug|Any CPU
		{A3550CC6-140D-4E69-A561-7640A8647072}.Debug|Any CPU.Build.0 = Debug|Any CPU
		{A3550CC6-140D-4E69-A561-7640A8647072}.Release|Any CPU.ActiveCfg = Release|Any CPU
		{A3550CC6-140D-4E69-A561-7640A8647072}.Release|Any CPU.Build.0 = Release|Any CPU
		{261A3A94-3D46-4364-B9D7-E4FD1E03E619}.Debug|Any CPU.ActiveCfg = Debug|Any CPU
		{261A3A94-3D46-4364-B9D7-E4FD1E03E619}.Debug|Any CPU.Build.0 = Debug|Any CPU
		{261A3A94-3D46-4364-B9D7-E4FD1E03E619}.Release|Any CPU.ActiveCfg = Release|Any CPU
		{261A3A94-3D46-4364-B9D7-E4FD1E03E619}.Release|Any CPU.Build.0 = Release|Any CPU
		{31065558-3DB2-441E-B0AE-93FA350BB1A2}.Debug|Any CPU.ActiveCfg = Debug|Any CPU
		{31065558-3DB2-441E-B0AE-93FA350BB1A2}.Debug|Any CPU.Build.0 = Debug|Any CPU
		{31065558-3DB2-441E-B0AE-93FA350BB1A2}.Release|Any CPU.ActiveCfg = Release|Any CPU
		{31065558-3DB2-441E-B0AE-93FA350BB1A2}.Release|Any CPU.Build.0 = Release|Any CPU
		{C14467F5-5FE7-426E-BD90-789B9226EFA9}.Debug|Any CPU.ActiveCfg = Debug|Any CPU
		{C14467F5-5FE7-426E-BD90-789B9226EFA9}.Debug|Any CPU.Build.0 = Debug|Any CPU
		{C14467F5-5FE7-426E-BD90-789B9226EFA9}.Release|Any CPU.ActiveCfg = Release|Any CPU
		{C14467F5-5FE7-426E-BD90-789B9226EFA9}.Release|Any CPU.Build.0 = Release|Any CPU
		{BEC8B277-515C-489A-90E7-ADA7947CE144}.Debug|Any CPU.ActiveCfg = Debug|Any CPU
		{BEC8B277-515C-489A-90E7-ADA7947CE144}.Debug|Any CPU.Build.0 = Debug|Any CPU
		{BEC8B277-515C-489A-90E7-ADA7947CE144}.Release|Any CPU.ActiveCfg = Release|Any CPU
		{BEC8B277-515C-489A-90E7-ADA7947CE144}.Release|Any CPU.Build.0 = Release|Any CPU
		{4DB7D234-88A7-4212-B3A9-EC1E74703F29}.Debug|Any CPU.ActiveCfg = Debug|Any CPU
		{4DB7D234-88A7-4212-B3A9-EC1E74703F29}.Debug|Any CPU.Build.0 = Debug|Any CPU
		{4DB7D234-88A7-4212-B3A9-EC1E74703F29}.Release|Any CPU.ActiveCfg = Release|Any CPU
		{4DB7D234-88A7-4212-B3A9-EC1E74703F29}.Release|Any CPU.Build.0 = Release|Any CPU
		{FF341BA7-6EE3-43C9-8DF8-82CE23A93F0E}.Debug|Any CPU.ActiveCfg = Debug|Any CPU
		{FF341BA7-6EE3-43C9-8DF8-82CE23A93F0E}.Debug|Any CPU.Build.0 = Debug|Any CPU
		{FF341BA7-6EE3-43C9-8DF8-82CE23A93F0E}.Release|Any CPU.ActiveCfg = Release|Any CPU
		{FF341BA7-6EE3-43C9-8DF8-82CE23A93F0E}.Release|Any CPU.Build.0 = Release|Any CPU
		{27E2EE7C-4B17-4883-954C-876BD3A5CD34}.Debug|Any CPU.ActiveCfg = Debug|Any CPU
		{27E2EE7C-4B17-4883-954C-876BD3A5CD34}.Debug|Any CPU.Build.0 = Debug|Any CPU
		{27E2EE7C-4B17-4883-954C-876BD3A5CD34}.Release|Any CPU.ActiveCfg = Release|Any CPU
		{27E2EE7C-4B17-4883-954C-876BD3A5CD34}.Release|Any CPU.Build.0 = Release|Any CPU
		{6DF308D6-067F-470B-A0F4-4BCE30C56427}.Debug|Any CPU.ActiveCfg = Debug|Any CPU
		{6DF308D6-067F-470B-A0F4-4BCE30C56427}.Debug|Any CPU.Build.0 = Debug|Any CPU
		{6DF308D6-067F-470B-A0F4-4BCE30C56427}.Release|Any CPU.ActiveCfg = Release|Any CPU
		{6DF308D6-067F-470B-A0F4-4BCE30C56427}.Release|Any CPU.Build.0 = Release|Any CPU
		{6E26A5EC-B698-4F60-9AF6-5113C8ACA97C}.Debug|Any CPU.ActiveCfg = Debug|Any CPU
		{6E26A5EC-B698-4F60-9AF6-5113C8ACA97C}.Debug|Any CPU.Build.0 = Debug|Any CPU
		{6E26A5EC-B698-4F60-9AF6-5113C8ACA97C}.Release|Any CPU.ActiveCfg = Release|Any CPU
		{6E26A5EC-B698-4F60-9AF6-5113C8ACA97C}.Release|Any CPU.Build.0 = Release|Any CPU
		{081FA1DD-CEC7-4D76-8E10-E2438AE644D4}.Debug|Any CPU.ActiveCfg = Debug|Any CPU
		{081FA1DD-CEC7-4D76-8E10-E2438AE644D4}.Debug|Any CPU.Build.0 = Debug|Any CPU
		{081FA1DD-CEC7-4D76-8E10-E2438AE644D4}.Release|Any CPU.ActiveCfg = Release|Any CPU
		{081FA1DD-CEC7-4D76-8E10-E2438AE644D4}.Release|Any CPU.Build.0 = Release|Any CPU
		{E8E9E555-C336-45BF-851F-82E9E602BB5B}.Debug|Any CPU.ActiveCfg = Debug|Any CPU
		{E8E9E555-C336-45BF-851F-82E9E602BB5B}.Debug|Any CPU.Build.0 = Debug|Any CPU
		{E8E9E555-C336-45BF-851F-82E9E602BB5B}.Release|Any CPU.ActiveCfg = Release|Any CPU
		{E8E9E555-C336-45BF-851F-82E9E602BB5B}.Release|Any CPU.Build.0 = Release|Any CPU
		{6CE7E20E-C4C2-4191-8D83-B2EA0EF2869C}.Debug|Any CPU.ActiveCfg = Debug|Any CPU
		{6CE7E20E-C4C2-4191-8D83-B2EA0EF2869C}.Debug|Any CPU.Build.0 = Debug|Any CPU
		{6CE7E20E-C4C2-4191-8D83-B2EA0EF2869C}.Release|Any CPU.ActiveCfg = Release|Any CPU
		{6CE7E20E-C4C2-4191-8D83-B2EA0EF2869C}.Release|Any CPU.Build.0 = Release|Any CPU
		{F011A687-325D-47CA-B0B9-3C10A7E684B2}.Debug|Any CPU.ActiveCfg = Debug|Any CPU
		{F011A687-325D-47CA-B0B9-3C10A7E684B2}.Debug|Any CPU.Build.0 = Debug|Any CPU
		{F011A687-325D-47CA-B0B9-3C10A7E684B2}.Release|Any CPU.ActiveCfg = Release|Any CPU
		{F011A687-325D-47CA-B0B9-3C10A7E684B2}.Release|Any CPU.Build.0 = Release|Any CPU
		{7D31FFE7-C015-4532-AE6C-7646B6C5A0E7}.Debug|Any CPU.ActiveCfg = Debug|Any CPU
		{7D31FFE7-C015-4532-AE6C-7646B6C5A0E7}.Debug|Any CPU.Build.0 = Debug|Any CPU
		{7D31FFE7-C015-4532-AE6C-7646B6C5A0E7}.Release|Any CPU.ActiveCfg = Release|Any CPU
		{7D31FFE7-C015-4532-AE6C-7646B6C5A0E7}.Release|Any CPU.Build.0 = Release|Any CPU
	EndGlobalSection
	GlobalSection(SolutionProperties) = preSolution
		HideSolutionNode = FALSE
	EndGlobalSection
	GlobalSection(ExtensibilityGlobals) = postSolution
		SolutionGuid = {83AA0A1E-A44B-4EC1-AF8A-3D89B60051A5}
	EndGlobalSection
EndGlobal
