
Microsoft Visual Studio Solution File, Format Version 12.00
# Visual Studio 15
VisualStudioVersion = 15.0.28010.2036
MinimumVisualStudioVersion = 10.0.40219.1
Project("{FAE04EC0-301F-11D3-BF4B-00C04F79EFBC}") = "tokenizr.net.generator", "tokenizr.net.generator\tokenizr.net.generator.csproj", "{C7DBC139-A1DB-401E-889C-1AD49132745B}"
EndProject
Project("{FAE04EC0-301F-11D3-BF4B-00C04F79EFBC}") = "tokenizr.net.generator.unittests", "tokenizr.net.generator.unittests\tokenizr.net.generator.unittests.csproj", "{5481FC6C-AD6E-47C1-8A0C-9469B261F600}"
EndProject
Project("{FAE04EC0-301F-11D3-BF4B-00C04F79EFBC}") = "tokenizr.net.structures", "tokenizr.net.structures\tokenizr.net.structures.csproj", "{A3550CC6-140D-4E69-A561-7640A8647072}"
EndProject
Global
	GlobalSection(SolutionConfigurationPlatforms) = preSolution
		Debug|Any CPU = Debug|Any CPU
		Release|Any CPU = Release|Any CPU
	EndGlobalSection
	GlobalSection(ProjectConfigurationPlatforms) = postSolution
		{C7DBC139-A1DB-401E-889C-1AD49132745B}.Debug|Any CPU.ActiveCfg = Debug|Any CPU
		{C7DBC139-A1DB-401E-889C-1AD49132745B}.Debug|Any CPU.Build.0 = Debug|Any CPU
		{C7DBC139-A1DB-401E-889C-1AD49132745B}.Release|Any CPU.ActiveCfg = Release|Any CPU
		{C7DBC139-A1DB-401E-889C-1AD49132745B}.Release|Any CPU.Build.0 = Release|Any CPU
		{5481FC6C-AD6E-47C1-8A0C-9469B261F600}.Debug|Any CPU.ActiveCfg = Debug|Any CPU
		{5481FC6C-AD6E-47C1-8A0C-9469B261F600}.Debug|Any CPU.Build.0 = Debug|Any CPU
		{5481FC6C-AD6E-47C1-8A0C-9469B261F600}.Release|Any CPU.ActiveCfg = Release|Any CPU
		{5481FC6C-AD6E-47C1-8A0C-9469B261F600}.Release|Any CPU.Build.0 = Release|Any CPU
		{A3550CC6-140D-4E69-A561-7640A8647072}.Debug|Any CPU.ActiveCfg = Debug|Any CPU
		{A3550CC6-140D-4E69-A561-7640A8647072}.Debug|Any CPU.Build.0 = Debug|Any CPU
		{A3550CC6-140D-4E69-A561-7640A8647072}.Release|Any CPU.ActiveCfg = Release|Any CPU
		{A3550CC6-140D-4E69-A561-7640A8647072}.Release|Any CPU.Build.0 = Release|Any CPU
	EndGlobalSection
	GlobalSection(SolutionProperties) = preSolution
		HideSolutionNode = FALSE
	EndGlobalSection
	GlobalSection(ExtensibilityGlobals) = postSolution
		SolutionGuid = {83AA0A1E-A44B-4EC1-AF8A-3D89B60051A5}
	EndGlobalSection
EndGlobal
